{
  "name": "proofscript",
  "version": "1.0.0-pskernel.149",
  "lockfileVersion": 3,
  "requires": true,
  "packages": {
    "": {
      "name": "proofscript",
      "version": "1.0.0-pskernel.149",
      "license": "MIT",
      "workspaces": [
        "packages/*",
        "plugins/official/*",
        "plugins/examples/*"
      ],
      "bin": {
        "proofscript": "bin/psc.mjs",
        "psc": "bin/psc.mjs"
      },
      "devDependencies": {
        "typescript": "5.9.3"
      },
      "engines": {
        "node": ">=20"
      }
    },
    "node_modules/@proofscript/arena-checker": {
      "resolved": "packages/arena-checker",
      "link": true
    },
    "node_modules/@proofscript/backend-js": {
      "resolved": "plugins/official/backend-js",
      "link": true
    },
    "node_modules/@proofscript/backend-manifest": {
      "resolved": "plugins/official/backend-manifest",
      "link": true
    },
    "node_modules/@proofscript/backend-rust": {
      "resolved": "plugins/official/backend-rust",
      "link": true
    },
    "node_modules/@proofscript/backend-typescript": {
      "resolved": "packages/backend-typescript",
      "link": true
    },
    "node_modules/@proofscript/backend-wasm": {
      "resolved": "plugins/official/backend-wasm",
      "link": true
    },
    "node_modules/@proofscript/certificates": {
      "resolved": "packages/certificates",
      "link": true
    },
    "node_modules/@proofscript/compiler": {
      "resolved": "packages/compiler",
      "link": true
    },
    "node_modules/@proofscript/contracts": {
      "resolved": "plugins/official/contracts",
      "link": true
    },
    "node_modules/@proofscript/contracts-workflow": {
      "resolved": "packages/contracts",
      "link": true
    },
    "node_modules/@proofscript/diagnostics": {
      "resolved": "packages/diagnostics",
      "link": true
    },
    "node_modules/@proofscript/elaborator": {
      "resolved": "packages/elaborator",
      "link": true
    },
    "node_modules/@proofscript/environment": {
      "resolved": "packages/environment",
      "link": true
    },
    "node_modules/@proofscript/formatter": {
      "resolved": "packages/formatter",
      "link": true
    },
    "node_modules/@proofscript/frontend": {
      "resolved": "packages/frontend",
      "link": true
    },
    "node_modules/@proofscript/frontend-next": {
      "resolved": "packages/frontend-next",
      "link": true
    },
    "node_modules/@proofscript/kernel": {
      "resolved": "packages/kernel",
      "link": true
    },
    "node_modules/@proofscript/kernel-codec": {
      "resolved": "packages/kernel-codec",
      "link": true
    },
    "node_modules/@proofscript/lean-export": {
      "resolved": "packages/lean-export",
      "link": true
    },
    "node_modules/@proofscript/lsp": {
      "resolved": "packages/lsp",
      "link": true
    },
    "node_modules/@proofscript/macro": {
      "resolved": "packages/macro",
      "link": true
    },
    "node_modules/@proofscript/monadic-lowering": {
      "resolved": "packages/monadic-lowering",
      "link": true
    },
    "node_modules/@proofscript/obligations": {
      "resolved": "packages/obligations",
      "link": true
    },
    "node_modules/@proofscript/oracle-lean": {
      "resolved": "packages/oracle-lean",
      "link": true
    },
    "node_modules/@proofscript/parser": {
      "resolved": "packages/parser",
      "link": true
    },
    "node_modules/@proofscript/plugin-api": {
      "resolved": "packages/plugin-api",
      "link": true
    },
    "node_modules/@proofscript/plugin-host": {
      "resolved": "packages/plugin-host",
      "link": true
    },
    "node_modules/@proofscript/project": {
      "resolved": "packages/project",
      "link": true
    },
    "node_modules/@proofscript/proof-status": {
      "resolved": "packages/proof-status",
      "link": true
    },
    "node_modules/@proofscript/recursion": {
      "resolved": "packages/recursion",
      "link": true
    },
    "node_modules/@proofscript/runtime": {
      "resolved": "packages/runtime",
      "link": true
    },
    "node_modules/@proofscript/semantic-ir": {
      "resolved": "packages/semantic-ir",
      "link": true
    },
    "node_modules/@proofscript/state-models": {
      "resolved": "packages/state-models",
      "link": true
    },
    "node_modules/@proofscript/std": {
      "resolved": "packages/std",
      "link": true
    },
    "node_modules/@proofscript/syntax": {
      "resolved": "packages/syntax",
      "link": true
    },
    "node_modules/@proofscript/tactics-core": {
      "resolved": "packages/tactics-core",
      "link": true
    },
    "node_modules/@proofscript/typeclass": {
      "resolved": "packages/typeclass",
      "link": true
    },
    "node_modules/@proofscript/unified-bridge": {
      "resolved": "packages/unified-bridge",
      "link": true
    },
    "node_modules/@proofscript/verifier": {
      "resolved": "packages/verifier",
      "link": true
    },
    "node_modules/example-proofscript-backend-names": {
      "resolved": "plugins/examples/backend-names",
      "link": true
    },
    "node_modules/proofscript": {
      "resolved": "packages/cli",
      "link": true
    },
    "packages/arena-checker": {
      "name": "@proofscript/arena-checker",
      "version": "0.1.0-production-p5.78-arena-tutorial-harness0",
      "license": "MIT",
      "dependencies": {
        "@proofscript/kernel": "0.1.0-dev.0"
      },
      "bin": {
        "ps-arena-check": "dist/main.js"
      }
    },
    "packages/backend-typescript": {
      "name": "@proofscript/backend-typescript",
      "version": "0.1.0-dev.0",
      "license": "MIT",
      "dependencies": {
        "@proofscript/kernel": "0.1.0-dev.0",
        "@proofscript/runtime": "0.1.0-dev.0"
      }
    },
    "packages/certificates": {
      "name": "@proofscript/certificates",
      "version": "0.1.0-dev.0",
      "license": "MIT"
    },
    "packages/cli": {
      "name": "proofscript",
      "version": "0.1.0-dev.0",
      "license": "MIT",
      "dependencies": {
        "@proofscript/certificates": "0.1.0-dev.0",
        "@proofscript/compiler": "0.1.0-dev.0",
        "@proofscript/environment": "0.1.0-dev.0",
        "@proofscript/kernel-codec": "0.1.0-dev.0",
        "@proofscript/lean-export": "0.1.0-production-p3.1",
        "@proofscript/plugin-host": "0.1.0-dev.0",
        "@proofscript/project": "0.1.0-dev.0",
        "@proofscript/syntax": "0.1.0-dev.0",
        "@proofscript/verifier": "0.1.0-dev.0"
      },
      "bin": {
        "psc": "dist/cli.js"
      }
    },
    "packages/compiler": {
      "name": "@proofscript/compiler",
      "version": "0.1.0-dev.0",
      "license": "MIT",
      "dependencies": {
        "@proofscript/kernel": "0.1.0-dev.0",
        "@proofscript/plugin-api": "0.1.0-dev.0",
        "@proofscript/semantic-ir": "0.1.0-dev.0",
        "@proofscript/frontend": "0.1.0-dev.0"
      }
    },
    "packages/contracts": {
      "name": "@proofscript/contracts-workflow",
      "version": "1.0.0-pskernel.149"
    },
    "packages/diagnostics": {
      "name": "@proofscript/diagnostics",
      "version": "0.1.0-dev.0",
      "license": "MIT"
    },
    "packages/elaborator": {
      "name": "@proofscript/elaborator",
      "version": "0.1.0-dev.0",
      "license": "MIT",
      "dependencies": {
        "@proofscript/kernel": "0.1.0-dev.0",
        "@proofscript/recursion": "0.1.0-dev.0",
        "@proofscript/syntax": "0.1.0-dev.0",
        "@proofscript/typeclass": "0.1.0-dev.0"
      }
    },
    "packages/environment": {
      "name": "@proofscript/environment",
      "version": "0.1.0-dev.0",
      "license": "MIT",
      "dependencies": {
        "@proofscript/kernel": "0.1.0-dev.0",
        "@proofscript/kernel-codec": "0.1.0-dev.0",
        "@proofscript/std": "0.1.0-dev.0"
      }
    },
    "packages/formatter": {
      "name": "@proofscript/formatter",
      "version": "0.1.0-dev.0",
      "license": "MIT"
    },
    "packages/frontend": {
      "name": "@proofscript/frontend",
      "version": "0.1.0-dev.0",
      "license": "MIT",
      "dependencies": {
        "@proofscript/elaborator": "0.1.0-dev.0",
        "@proofscript/environment": "0.1.0-dev.0",
        "@proofscript/kernel": "0.1.0-dev.0",
        "@proofscript/kernel-codec": "0.1.0-dev.0",
        "@proofscript/parser": "0.1.0-dev.0",
        "@proofscript/project": "0.1.0-dev.0",
        "@proofscript/syntax": "0.1.0-dev.0"
      }
    },
    "packages/frontend-next": {
      "name": "@proofscript/frontend-next",
      "version": "0.91.0-production-p6.1"
    },
    "packages/kernel": {
      "name": "@proofscript/kernel",
      "version": "0.1.0-dev.0",
      "license": "MIT"
    },
    "packages/kernel-codec": {
      "name": "@proofscript/kernel-codec",
      "version": "0.1.0-dev.0",
      "license": "MIT",
      "dependencies": {
        "@proofscript/kernel": "0.1.0-dev.0"
      }
    },
    "packages/lean-export": {
      "name": "@proofscript/lean-export",
      "version": "0.1.0-production-p3.1",
      "license": "MIT",
      "dependencies": {
        "@proofscript/kernel": "0.1.0-dev.0"
      }
    },
    "packages/lsp": {
      "name": "@proofscript/lsp",
      "version": "0.1.0-dev.0",
      "license": "MIT",
      "dependencies": {
        "@proofscript/language-worker": "0.1.0-dev.0"
      },
      "bin": {
        "pslsp": "dist/bin.js"
      }
    },
    "packages/macro": {
      "name": "@proofscript/macro",
      "version": "0.1.0-dev.0",
      "license": "MIT"
    },
    "packages/monadic-lowering": {
      "name": "@proofscript/monadic-lowering",
      "version": "1.0.0-pskernel.149"
    },
    "packages/obligations": {
      "name": "@proofscript/obligations",
      "version": "1.0.0-pskernel.149"
    },
    "packages/oracle-lean": {
      "name": "@proofscript/oracle-lean",
      "version": "0.1.0-dev.0",
      "license": "MIT",
      "dependencies": {
        "@proofscript/environment": "0.1.0-dev.0",
        "@proofscript/kernel-codec": "0.1.0-dev.0",
        "@proofscript/lean-export": "0.1.0-production-p3.1",
        "@proofscript/plugin-api": "0.1.0-dev.0"
      }
    },
    "packages/parser": {
      "name": "@proofscript/parser",
      "version": "0.1.0-dev.0",
      "license": "MIT",
      "dependencies": {
        "@proofscript/syntax": "0.1.0-dev.0"
      }
    },
    "packages/plugin-api": {
      "name": "@proofscript/plugin-api",
      "version": "0.1.0-dev.0",
      "license": "MIT"
    },
    "packages/plugin-host": {
      "name": "@proofscript/plugin-host",
      "version": "0.1.0-dev.0",
      "license": "MIT",
      "dependencies": {
        "@proofscript/plugin-api": "0.1.0-dev.0",
        "@proofscript/project": "0.1.0-dev.0"
      }
    },
    "packages/project": {
      "name": "@proofscript/project",
      "version": "0.1.0-dev.0",
      "license": "MIT",
      "dependencies": {
        "@proofscript/parser": "0.1.0-dev.0",
        "@proofscript/plugin-api": "0.1.0-dev.0"
      }
    },
    "packages/proof-status": {
      "name": "@proofscript/proof-status",
      "version": "1.0.0-pskernel.149"
    },
    "packages/recursion": {
      "name": "@proofscript/recursion",
      "version": "0.1.0-dev.0",
      "license": "MIT",
      "dependencies": {
        "@proofscript/syntax": "0.1.0-dev.0"
      }
    },
    "packages/runtime": {
      "name": "@proofscript/runtime",
      "version": "0.1.0-dev.0",
      "license": "MIT"
    },
    "packages/semantic-ir": {
      "name": "@proofscript/semantic-ir",
      "version": "0.1.0-dev.0",
      "license": "MIT",
      "dependencies": {
        "@proofscript/kernel": "0.1.0-dev.0",
        "@proofscript/plugin-api": "0.1.0-dev.0"
      }
    },
    "packages/state-models": {
      "name": "@proofscript/state-models",
      "version": "1.0.0-pskernel.149"
    },
    "packages/std": {
      "name": "@proofscript/std",
      "version": "0.1.0-dev.0",
      "license": "MIT"
    },
    "packages/syntax": {
      "name": "@proofscript/syntax",
      "version": "0.1.0-dev.0",
      "license": "MIT"
    },
    "packages/tactics-core": {
      "name": "@proofscript/tactics-core",
      "version": "0.1.0-dev.0",
      "license": "MIT"
    },
    "packages/typeclass": {
      "name": "@proofscript/typeclass",
      "version": "0.1.0-dev.0",
      "license": "MIT",
      "dependencies": {
        "@proofscript/kernel": "0.1.0-dev.0"
      }
    },
    "packages/unified-bridge": {
      "name": "@proofscript/unified-bridge",
      "version": "0.1.0-production-p6.1",
      "dependencies": {
        "@proofscript/environment": "0.1.0-dev.0",
        "@proofscript/frontend-next": "0.91.0-production-p6.1",
        "@proofscript/kernel": "0.1.0-dev.0",
        "@proofscript/kernel-codec": "0.1.0-dev.0"
      }
    },
    "packages/verifier": {
      "name": "@proofscript/verifier",
      "version": "0.1.0-dev.0",
      "license": "MIT",
      "dependencies": {
        "@proofscript/certificates": "0.1.0-dev.0",
        "@proofscript/kernel": "0.1.0-dev.0",
        "@proofscript/kernel-codec": "0.1.0-dev.0"
      },
      "bin": {
        "psverify": "dist/bin.js"
      }
    },
    "plugins/examples/backend-names": {
      "name": "example-proofscript-backend-names",
      "version": "0.0.1",
      "dependencies": {
        "@proofscript/plugin-api": "0.1.0-dev.0"
      }
    },
    "plugins/official/backend-js": {
      "name": "@proofscript/backend-js",
      "version": "0.1.0-dev.0",
      "license": "MIT"
    },
    "plugins/official/backend-manifest": {
      "name": "@proofscript/backend-manifest",
      "version": "0.1.0-dev.0",
      "license": "MIT",
      "dependencies": {
        "@proofscript/plugin-api": "0.1.0-dev.0"
      }
    },
    "plugins/official/backend-rust": {
      "name": "@proofscript/backend-rust",
      "version": "0.1.0-dev.0",
      "license": "MIT"
    },
    "plugins/official/backend-wasm": {
      "name": "@proofscript/backend-wasm",
      "version": "0.1.0-dev.0",
      "license": "MIT"
    },
    "plugins/official/contracts": {
      "name": "@proofscript/contracts",
      "version": "0.1.0-dev.0",
      "license": "MIT"
    },
    "node_modules/typescript": {
      "version": "5.9.3",
      "resolved": "https://registry.npmjs.org/typescript/-/typescript-5.9.3.tgz",
      "integrity": "sha512-jl1vZzPDinLr9eUt3J/t7V6FgNEw9QjvBPdysz9KfQDD41fQrC2Y4vKQdiaUpFT4bXlb1RHhLpp8wtm6M5TgSw==",
      "dev": true,
      "license": "Apache-2.0",
      "bin": {
        "tsc": "bin/tsc",
        "tsserver": "bin/tsserver"
      },
      "engines": {
        "node": ">=14.17"
      }
    },
    "packages/language-service": {
      "name": "@proofscript/language-service",
      "version": "0.1.0-dev.0",
      "license": "MIT",
      "dependencies": {
        "@proofscript/compiler": "0.1.0-dev.0"
      }
    },
    "node_modules/@proofscript/language-service": {
      "resolved": "packages/language-service",
      "link": true
    },
    "packages/language-worker": {
      "name": "@proofscript/language-worker",
      "version": "0.1.0-dev.0",
      "license": "MIT",
      "dependencies": {
        "@proofscript/language-service": "0.1.0-dev.0"
      }
    },
    "node_modules/@proofscript/language-worker": {
      "resolved": "packages/language-worker",
      "link": true
    },
    "packages/reference-v061": {
      "name": "@proofscript/reference-v061",
      "version": "0.6.1",
      "license": "MIT"
    },
    "node_modules/@proofscript/reference-v061": {
      "resolved": "packages/reference-v061",
      "link": true
    }
  }
}
